// !$*UTF8*$!
{
	archiveVersion = 1;
	classes = {
	};
	objectVersion = 48;
	objects = {

/* Begin PBXBuildFile section */
		B1BACAF31FAB74C10040A3E3 /* main.m in Sources */ = {isa = PBXBuildFile; fileRef = B1BACAF21FAB74C10040A3E3 /* main.m */; };
		B1BACAFB1FAB75090040A3E3 /* Patient.m in Sources */ = {isa = PBXBuildFile; fileRef = B1BACAFA1FAB75090040A3E3 /* Patient.m */; };
		B1BACAFE1FAB78340040A3E3 /* InputControl.m in Sources */ = {isa = PBXBuildFile; fileRef = B1BACAFD1FAB78340040A3E3 /* InputControl.m */; };
		B1BACB011FAB7F5C0040A3E3 /* Doctor.m in Sources */ = {isa = PBXBuildFile; fileRef = B1BACB001FAB7F5C0040A3E3 /* Doctor.m */; };
		B1BACB041FAB92E70040A3E3 /* SmartClinic.m in Sources */ = {isa = PBXBuildFile; fileRef = B1BACB031FAB92E70040A3E3 /* SmartClinic.m */; };
/* End PBXBuildFile section */

/* Begin PBXCopyFilesBuildPhase section */
		B1BACAED1FAB74C10040A3E3 /* CopyFiles */ = {
			isa = PBXCopyFilesBuildPhase;
			buildActionMask = 2147483647;
			dstPath = /usr/share/man/man1/;
			dstSubfolderSpec = 0;
			files = (
			);
			runOnlyForDeploymentPostprocessing = 1;
		};
/* End PBXCopyFilesBuildPhase section */

/* Begin PBXFileReference section */
		B1BACAEF1FAB74C10040A3E3 /* PatientList-Sean */ = {isa = PBXFileReference; explicitFileType = "compiled.mach-o.executable"; includeInIndex = 0; path = "PatientList-Sean"; sourceTree = BUILT_PRODUCTS_DIR; };
		B1BACAF21FAB74C10040A3E3 /* main.m */ = {isa = PBXFileReference; lastKnownFileType = sourcecode.c.objc; path = main.m; sourceTree = "<group>"; };
		B1BACAF91FAB75090040A3E3 /* Patient.h */ = {isa = PBXFileReference; lastKnownFileType = sourcecode.c.h; path = Patient.h; sourceTree = "<group>"; };
		B1BACAFA1FAB75090040A3E3 /* Patient.m */ = {isa = PBXFileReference; lastKnownFileType = sourcecode.c.objc; path = Patient.m; sourceTree = "<group>"; };
		B1BACAFC1FAB78340040A3E3 /* InputControl.h */ = {isa = PBXFileReference; lastKnownFileType = sourcecode.c.h; path = InputControl.h; sourceTree = "<group>"; };
		B1BACAFD1FAB78340040A3E3 /* InputControl.m */ = {isa = PBXFileReference; lastKnownFileType = sourcecode.c.objc; path = InputControl.m; sourceTree = "<group>"; };
		B1BACAFF1FAB7F5C0040A3E3 /* Doctor.h */ = {isa = PBXFileReference; lastKnownFileType = sourcecode.c.h; path = Doctor.h; sourceTree = "<group>"; };
		B1BACB001FAB7F5C0040A3E3 /* Doctor.m */ = {isa = PBXFileReference; lastKnownFileType = sourcecode.c.objc; path = Doctor.m; sourceTree = "<group>"; };
		B1BACB021FAB92E70040A3E3 /* SmartClinic.h */ = {isa = PBXFileReference; lastKnownFileType = sourcecode.c.h; path = SmartClinic.h; sourceTree = "<group>"; };
		B1BACB031FAB92E70040A3E3 /* SmartClinic.m */ = {isa = PBXFileReference; lastKnownFileType = sourcecode.c.objc; path = SmartClinic.m; sourceTree = "<group>"; };
/* End PBXFileReference section */

/* Begin PBXFrameworksBuildPhase section */
		B1BACAEC1FAB74C10040A3E3 /* Frameworks */ = {
			isa = PBXFrameworksBuildPhase;
			buildActionMask = 2147483647;
			files = (
			);
			runOnlyForDeploymentPostprocessing = 0;
		};
/* End PBXFrameworksBuildPhase section */

/* Begin PBXGroup section */
		B1BACAE61FAB74C10040A3E3 = {
			isa = PBXGroup;
			children = (
				B1BACAF91FAB75090040A3E3 /* Patient.h */,
				B1BACAFA1FAB75090040A3E3 /* Patient.m */,
				B1BACAFF1FAB7F5C0040A3E3 /* Doctor.h */,
				B1BACB001FAB7F5C0040A3E3 /* Doctor.m */,
				B1BACAFC1FAB78340040A3E3 /* InputControl.h */,
				B1BACAFD1FAB78340040A3E3 /* InputControl.m */,
				B1BACAF11FAB74C10040A3E3 /* PatientList-Sean */,
				B1BACAF01FAB74C10040A3E3 /* Products */,
			);
			sourceTree = "<group>";
		};
		B1BACAF01FAB74C10040A3E3 /* Products */ = {
			isa = PBXGroup;
			children = (
				B1BACAEF1FAB74C10040A3E3 /* PatientList-Sean */,
			);
			name = Products;
			sourceTree = "<group>";
		};
		B1BACAF11FAB74C10040A3E3 /* PatientList-Sean */ = {
			isa = PBXGroup;
			children = (
				B1BACAF21FAB74C10040A3E3 /* main.m */,
				B1BACB021FAB92E70040A3E3 /* SmartClinic.h */,
				B1BACB031FAB92E70040A3E3 /* SmartClinic.m */,
			);
			path = "PatientList-Sean";
			sourceTree = "<group>";
		};
/* End PBXGroup section */

/* Begin PBXNativeTarget section */
		B1BACAEE1FAB74C10040A3E3 /* PatientList-Sean */ = {
			isa = PBXNativeTarget;
			buildConfigurationList = B1BACAF61FAB74C10040A3E3 /* Build configuration list for PBXNativeTarget "PatientList-Sean" */;
			buildPhases = (
				B1BACAEB1FAB74C10040A3E3 /* Sources */,
				B1BACAEC1FAB74C10040A3E3 /* Frameworks */,
				B1BACAED1FAB74C10040A3E3 /* CopyFiles */,
			);
			buildRules = (
			);
			dependencies = (
			);
			name = "PatientList-Sean";
			productName = "PatientList-Sean";
			productReference = B1BACAEF1FAB74C10040A3E3 /* PatientList-Sean */;
			productType = "com.apple.product-type.tool";
		};
/* End PBXNativeTarget section */

/* Begin PBXProject section */
		B1BACAE71FAB74C10040A3E3 /* Project object */ = {
			isa = PBXProject;
			attributes = {
				LastUpgradeCheck = 0900;
				ORGANIZATIONNAME = "Sean Liu";
				TargetAttributes = {
					B1BACAEE1FAB74C10040A3E3 = {
						CreatedOnToolsVersion = 9.0;
						ProvisioningStyle = Automatic;
					};
				};
			};
			buildConfigurationList = B1BACAEA1FAB74C10040A3E3 /* Build configuration list for PBXProject "PatientList-Sean" */;
			compatibilityVersion = "Xcode 8.0";
			developmentRegion = en;
			hasScannedForEncodings = 0;
			knownRegions = (
				en,
			);
			mainGroup = B1BACAE61FAB74C10040A3E3;
			productRefGroup = B1BACAF01FAB74C10040A3E3 /* Products */;
			projectDirPath = "";
			projectRoot = "";
			targets = (
				B1BACAEE1FAB74C10040A3E3 /* PatientList-Sean */,
			);
		};
/* End PBXProject section */

/* Begin PBXSourcesBuildPhase section */
		B1BACAEB1FAB74C10040A3E3 /* Sources */ = {
			isa = PBXSourcesBuildPhase;
			buildActionMask = 2147483647;
			files = (
				B1BACAF31FAB74C10040A3E3 /* main.m in Sources */,
				B1BACAFE1FAB78340040A3E3 /* InputControl.m in Sources */,
				B1BACB011FAB7F5C0040A3E3 /* Doctor.m in Sources */,
				B1BACB041FAB92E70040A3E3 /* SmartClinic.m in Sources */,
				B1BACAFB1FAB75090040A3E3 /* Patient.m in Sources */,
			);
			runOnlyForDeploymentPostprocessing = 0;
		};
/* End PBXSourcesBuildPhase section */

/* Begin XCBuildConfiguration section */
		B1BACAF41FAB74C10040A3E3 /* Debug */ = {
			isa = XCBuildConfiguration;
			buildSettings = {
				ALWAYS_SEARCH_USER_PATHS = NO;
				CLANG_ANALYZER_NONNULL = YES;
				CLANG_ANALYZER_NUMBER_OBJECT_CONVERSION = YES_AGGRESSIVE;
				CLANG_CXX_LANGUAGE_STANDARD = "gnu++14";
				CLANG_CXX_LIBRARY = "libc++";
				CLANG_ENABLE_MODULES = YES;
				CLANG_ENABLE_OBJC_ARC = YES;
				CLANG_WARN_BLOCK_CAPTURE_AUTORELEASING = YES;
				CLANG_WARN_BOOL_CONVERSION = YES;
				CLANG_WARN_COMMA = YES;
				CLANG_WARN_CONSTANT_CONVERSION = YES;
				CLANG_WARN_DIRECT_OBJC_ISA_USAGE = YES_ERROR;
				CLANG_WARN_DOCUMENTATION_COMMENTS = YES;
				CLANG_WARN_EMPTY_BODY = YES;
				CLANG_WARN_ENUM_CONVERSION = YES;
				CLANG_WARN_INFINITE_RECURSION = YES;
				CLANG_WARN_INT_CONVERSION = YES;
				CLANG_WARN_NON_LITERAL_NULL_CONVERSION = YES;
				CLANG_WARN_OBJC_LITERAL_CONVERSION = YES;
				CLANG_WARN_OBJC_ROOT_CLASS = YES_ERROR;
				CLANG_WARN_RANGE_LOOP_ANALYSIS = YES;
				CLANG_WARN_STRICT_PROTOTYPES = YES;
				CLANG_WARN_SUSPICIOUS_MOVE = YES;
				CLANG_WARN_UNGUARDED_AVAILABILITY = YES_AGGRESSIVE;
				CLANG_WARN_UNREACHABLE_CODE = YES;
				CLANG_WARN__DUPLICATE_METHOD_MATCH = YES;
				CODE_SIGN_IDENTITY = "Mac Developer";
				COPY_PHASE_STRIP = NO;
				DEBUG_INFORMATION_FORMAT = dwarf;
				ENABLE_STRICT_OBJC_MSGSEND = YES;
				ENABLE_TESTABILITY = YES;
				GCC_C_LANGUAGE_STANDARD = gnu11;
				GCC_DYNAMIC_NO_PIC = NO;
				GCC_NO_COMMON_BLOCKS = YES;
				GCC_OPTIMIZATION_LEVEL = 0;
				GCC_PREPROCESSOR_DEFINITIONS = (
					"DEBUG=1",
					"$(inherited)",
				);
				GCC_WARN_64_TO_32_BIT_CONVERSION = YES;
				GCC_WARN_ABOUT_RETURN_TYPE = YES_ERROR;
				GCC_WARN_UNDECLARED_SELECTOR = YES;
				GCC_WARN_UNINITIALIZED_AUTOS = YES_AGGRESSIVE;
				GCC_WARN_UNUSED_FUNCTION = YES;
				GCC_WARN_UNUSED_VARIABLE = YES;
				MACOSX_DEPLOYMENT_TARGET = 10.13;
				MTL_ENABLE_DEBUG_INFO = YES;
				ONLY_ACTIVE_ARCH = YES;
				SDKROOT = macosx;
			};
			name = Debug;
		};
		B1BACAF51FAB74C10040A3E3 /* Release */ = {
			isa = XCBuildConfiguration;
			buildSettings = {
				ALWAYS_SEARCH_USER_PATHS = NO;
				CLANG_ANALYZER_NONNULL = YES;
				CLANG_ANALYZER_NUMBER_OBJECT_CONVERSION = YES_AGGRESSIVE;
				CLANG_CXX_LANGUAGE_STANDARD = "gnu++14";
				CLANG_CXX_LIBRARY = "libc++";
				CLANG_ENABLE_MODULES = YES;
				CLANG_ENABLE_OBJC_ARC = YES;
				CLANG_WARN_BLOCK_CAPTURE_AUTORELEASING = YES;
				CLANG_WARN_BOOL_CONVERSION = YES;
				CLANG_WARN_COMMA = YES;
				CLANG_WARN_CONSTANT_CONVERSION = YES;
				CLANG_WARN_DIRECT_OBJC_ISA_USAGE = YES_ERROR;
				CLANG_WARN_DOCUMENTATION_COMMENTS = YES;
				CLANG_WARN_EMPTY_BODY = YES;
				CLANG_WARN_ENUM_CONVERSION = YES;
				CLANG_WARN_INFINITE_RECURSION = YES;
				CLANG_WARN_INT_CONVERSION = YES;
				CLANG_WARN_NON_LITERAL_NULL_CONVERSION = YES;
				CLANG_WARN_OBJC_LITERAL_CONVERSION = YES;
				CLANG_WARN_OBJC_ROOT_CLASS = YES_ERROR;
				CLANG_WARN_RANGE_LOOP_ANALYSIS = YES;
				CLANG_WARN_STRICT_PROTOTYPES = YES;
				CLANG_WARN_SUSPICIOUS_MOVE = YES;
				CLANG_WARN_UNGUARDED_AVAILABILITY = YES_AGGRESSIVE;
				CLANG_WARN_UNREACHABLE_CODE = YES;
				CLANG_WARN__DUPLICATE_METHOD_MATCH = YES;
				CODE_SIGN_IDENTITY = "Mac Developer";
				COPY_PHASE_STRIP = NO;
				DEBUG_INFORMATION_FORMAT = "dwarf-with-dsym";
				ENABLE_NS_ASSERTIONS = NO;
				ENABLE_STRICT_OBJC_MSGSEND = YES;
				GCC_C_LANGUAGE_STANDARD = gnu11;
				GCC_NO_COMMON_BLOCKS = YES;
				GCC_WARN_64_TO_32_BIT_CONVERSION = YES;
				GCC_WARN_ABOUT_RETURN_TYPE = YES_ERROR;
				GCC_WARN_UNDECLARED_SELECTOR = YES;
				GCC_WARN_UNINITIALIZED_AUTOS = YES_AGGRESSIVE;
				GCC_WARN_UNUSED_FUNCTION = YES;
				GCC_WARN_UNUSED_VARIABLE = YES;
				MACOSX_DEPLOYMENT_TARGET = 10.13;
				MTL_ENABLE_DEBUG_INFO = NO;
				SDKROOT = macosx;
			};
			name = Release;
		};
		B1BACAF71FAB74C10040A3E3 /* Debug */ = {
			isa = XCBuildConfiguration;
			buildSettings = {
				CODE_SIGN_STYLE = Automatic;
				DEVELOPMENT_TEAM = P25L2HG5XF;
				PRODUCT_NAME = "$(TARGET_NAME)";
			};
			name = Debug;
		};
		B1BACAF81FAB74C10040A3E3 /* Release */ = {
			isa = XCBuildConfiguration;
			buildSettings = {
				CODE_SIGN_STYLE = Automatic;
				DEVELOPMENT_TEAM = P25L2HG5XF;
				PRODUCT_NAME = "$(TARGET_NAME)";
			};
			name = Release;
		};
/* End XCBuildConfiguration section */

/* Begin XCConfigurationList section */
		B1BACAEA1FAB74C10040A3E3 /* Build configuration list for PBXProject "PatientList-Sean" */ = {
			isa = XCConfigurationList;
			buildConfigurations = (
				B1BACAF41FAB74C10040A3E3 /* Debug */,
				B1BACAF51FAB74C10040A3E3 /* Release */,
			);
			defaultConfigurationIsVisible = 0;
			defaultConfigurationName = Release;
		};
		B1BACAF61FAB74C10040A3E3 /* Build configuration list for PBXNativeTarget "PatientList-Sean" */ = {
			isa = XCConfigurationList;
			buildConfigurations = (
				B1BACAF71FAB74C10040A3E3 /* Debug */,
				B1BACAF81FAB74C10040A3E3 /* Release */,
			);
			defaultConfigurationIsVisible = 0;
			defaultConfigurationName = Release;
		};
/* End XCConfigurationList section */
	};
	rootObject = B1BACAE71FAB74C10040A3E3 /* Project object */;
}
